
Microsoft Visual Studio Solution File, Format Version 12.00
# Visual Studio 15
VisualStudioVersion = 15.0.28307.106
MinimumVisualStudioVersion = 10.0.40219.1
Project("{FAE04EC0-301F-11D3-BF4B-00C04F79EFBC}") = "ShapeConsoleApp", "ShapeConsoleApp\ShapeConsoleApp.csproj", "{CCCB7BCD-7250-440C-B02E-0F576114525D}"
EndProject
Global
	GlobalSection(SolutionConfigurationPlatforms) = preSolution
		Debug|Any CPU = Debug|Any CPU
		Release|Any CPU = Release|Any CPU
	EndGlobalSection
	GlobalSection(ProjectConfigurationPlatforms) = postSolution
		{CCCB7BCD-7250-440C-B02E-0F576114525D}.Debug|Any CPU.ActiveCfg = Debug|Any CPU
		{CCCB7BCD-7250-440C-B02E-0F576114525D}.Debug|Any CPU.Build.0 = Debug|Any CPU
		{CCCB7BCD-7250-440C-B02E-0F576114525D}.Release|Any CPU.ActiveCfg = Release|Any CPU
		{CCCB7BCD-7250-440C-B02E-0F576114525D}.Release|Any CPU.Build.0 = Release|Any CPU
	EndGlobalSection
	GlobalSection(SolutionProperties) = preSolution
		HideSolutionNode = FALSE
	EndGlobalSection
	GlobalSection(ExtensibilityGlobals) = postSolution
		SolutionGuid = {94238831-F393-472C-87F4-4BB2E68B5D0A}
	EndGlobalSection
EndGlobal
